
Microsoft Visual Studio Solution File, Format Version 12.00
# Visual Studio 15
VisualStudioVersion = 15.0.27004.2010
MinimumVisualStudioVersion = 10.0.40219.1
Project("{FAE04EC0-301F-11D3-BF4B-00C04F79EFBC}") = "Verkefni4", "Verkefni4\Verkefni4.csproj", "{DE26A424-DAFA-468E-A12D-B4FD05F14AC2}"
EndProject
Project("{FAE04EC0-301F-11D3-BF4B-00C04F79EFBC}") = "Verkefni4Tests", "Verkefni4Tests\Verkefni4Tests.csproj", "{7234AA47-875F-483A-B4BA-66A2D3C623DF}"
EndProject
Global
	GlobalSection(SolutionConfigurationPlatforms) = preSolution
		Debug|Any CPU = Debug|Any CPU
		Release|Any CPU = Release|Any CPU
	EndGlobalSection
	GlobalSection(ProjectConfigurationPlatforms) = postSolution
		{DE26A424-DAFA-468E-A12D-B4FD05F14AC2}.Debug|Any CPU.ActiveCfg = Debug|Any CPU
		{DE26A424-DAFA-468E-A12D-B4FD05F14AC2}.Debug|Any CPU.Build.0 = Debug|Any CPU
		{DE26A424-DAFA-468E-A12D-B4FD05F14AC2}.Release|Any CPU.ActiveCfg = Release|Any CPU
		{DE26A424-DAFA-468E-A12D-B4FD05F14AC2}.Release|Any CPU.Build.0 = Release|Any CPU
		{7234AA47-875F-483A-B4BA-66A2D3C623DF}.Debug|Any CPU.ActiveCfg = Debug|Any CPU
		{7234AA47-875F-483A-B4BA-66A2D3C623DF}.Debug|Any CPU.Build.0 = Debug|Any CPU
		{7234AA47-875F-483A-B4BA-66A2D3C623DF}.Release|Any CPU.ActiveCfg = Release|Any CPU
		{7234AA47-875F-483A-B4BA-66A2D3C623DF}.Release|Any CPU.Build.0 = Release|Any CPU
	EndGlobalSection
	GlobalSection(SolutionProperties) = preSolution
		HideSolutionNode = FALSE
	EndGlobalSection
	GlobalSection(ExtensibilityGlobals) = postSolution
		SolutionGuid = {00DDC12C-8D97-49B2-BF7C-0CD99360FE32}
	EndGlobalSection
EndGlobal
