
Microsoft Visual Studio Solution File, Format Version 12.00
# Visual Studio 15
VisualStudioVersion = 15.0.27004.2010
MinimumVisualStudioVersion = 10.0.40219.1
Project("{FAE04EC0-301F-11D3-BF4B-00C04F79EFBC}") = "Verkefni2", "Verkefni2\Verkefni2.csproj", "{61B73AEE-0C01-47CB-BE9A-D96162C213F4}"
EndProject
Project("{FAE04EC0-301F-11D3-BF4B-00C04F79EFBC}") = "Verkefni2Tests", "Verkefni2Tests\Verkefni2Tests.csproj", "{7D360D70-C181-4AE4-8CF9-5270F24CE43D}"
EndProject
Global
	GlobalSection(SolutionConfigurationPlatforms) = preSolution
		Debug|Any CPU = Debug|Any CPU
		Release|Any CPU = Release|Any CPU
	EndGlobalSection
	GlobalSection(ProjectConfigurationPlatforms) = postSolution
		{61B73AEE-0C01-47CB-BE9A-D96162C213F4}.Debug|Any CPU.ActiveCfg = Debug|Any CPU
		{61B73AEE-0C01-47CB-BE9A-D96162C213F4}.Debug|Any CPU.Build.0 = Debug|Any CPU
		{61B73AEE-0C01-47CB-BE9A-D96162C213F4}.Release|Any CPU.ActiveCfg = Release|Any CPU
		{61B73AEE-0C01-47CB-BE9A-D96162C213F4}.Release|Any CPU.Build.0 = Release|Any CPU
		{7D360D70-C181-4AE4-8CF9-5270F24CE43D}.Debug|Any CPU.ActiveCfg = Debug|Any CPU
		{7D360D70-C181-4AE4-8CF9-5270F24CE43D}.Debug|Any CPU.Build.0 = Debug|Any CPU
		{7D360D70-C181-4AE4-8CF9-5270F24CE43D}.Release|Any CPU.ActiveCfg = Release|Any CPU
		{7D360D70-C181-4AE4-8CF9-5270F24CE43D}.Release|Any CPU.Build.0 = Release|Any CPU
	EndGlobalSection
	GlobalSection(SolutionProperties) = preSolution
		HideSolutionNode = FALSE
	EndGlobalSection
	GlobalSection(ExtensibilityGlobals) = postSolution
		SolutionGuid = {394449D8-26C6-4CD1-B243-201BD08A8407}
	EndGlobalSection
EndGlobal
